
Microsoft Visual Studio Solution File, Format Version 12.00
# Visual Studio Version 16
VisualStudioVersion = 16.0.28803.156
MinimumVisualStudioVersion = 10.0.40219.1
Project("{FAE04EC0-301F-11D3-BF4B-00C04F79EFBC}") = "Reheader", "Reheader\Reheader.csproj", "{113C73A6-2299-4987-8215-464D446AB8BC}"
EndProject
Global
	GlobalSection(SolutionConfigurationPlatforms) = preSolution
		Debug|Any CPU = Debug|Any CPU
		Release|Any CPU = Release|Any CPU
	EndGlobalSection
	GlobalSection(ProjectConfigurationPlatforms) = postSolution
		{113C73A6-2299-4987-8215-464D446AB8BC}.Debug|Any CPU.ActiveCfg = Debug|Any CPU
		{113C73A6-2299-4987-8215-464D446AB8BC}.Debug|Any CPU.Build.0 = Debug|Any CPU
		{113C73A6-2299-4987-8215-464D446AB8BC}.Release|Any CPU.ActiveCfg = Release|Any CPU
		{113C73A6-2299-4987-8215-464D446AB8BC}.Release|Any CPU.Build.0 = Release|Any CPU
	EndGlobalSection
	GlobalSection(SolutionProperties) = preSolution
		HideSolutionNode = FALSE
	EndGlobalSection
	GlobalSection(ExtensibilityGlobals) = postSolution
		SolutionGuid = {5ECC5E34-310A-4002-B289-8207B530D284}
	EndGlobalSection
EndGlobal
